
Microsoft Visual Studio Solution File, Format Version 12.00
# Visual Studio Version 17
VisualStudioVersion = 17.8.34330.188
MinimumVisualStudioVersion = 10.0.40219.1
Project("{8BC9CEB8-8B4A-11D0-8D11-00A0C91BC942}") = "BlackBox_3_TeresaStojek", "BlackBox_3_TeresaStojek\BlackBox_3_TeresaStojek.vcxproj", "{C45E2B7A-27BE-4592-AC4F-354A499043C6}"
EndProject
Global
	GlobalSection(SolutionConfigurationPlatforms) = preSolution
		Debug|x64 = Debug|x64
		Debug|x86 = Debug|x86
		Release|x64 = Release|x64
		Release|x86 = Release|x86
	EndGlobalSection
	GlobalSection(ProjectConfigurationPlatforms) = postSolution
		{C45E2B7A-27BE-4592-AC4F-354A499043C6}.Debug|x64.ActiveCfg = Debug|x64
		{C45E2B7A-27BE-4592-AC4F-354A499043C6}.Debug|x64.Build.0 = Debug|x64
		{C45E2B7A-27BE-4592-AC4F-354A499043C6}.Debug|x86.ActiveCfg = Debug|Win32
		{C45E2B7A-27BE-4592-AC4F-354A499043C6}.Debug|x86.Build.0 = Debug|Win32
		{C45E2B7A-27BE-4592-AC4F-354A499043C6}.Release|x64.ActiveCfg = Release|x64
		{C45E2B7A-27BE-4592-AC4F-354A499043C6}.Release|x64.Build.0 = Release|x64
		{C45E2B7A-27BE-4592-AC4F-354A499043C6}.Release|x86.ActiveCfg = Release|Win32
		{C45E2B7A-27BE-4592-AC4F-354A499043C6}.Release|x86.Build.0 = Release|Win32
	EndGlobalSection
	GlobalSection(SolutionProperties) = preSolution
		HideSolutionNode = FALSE
	EndGlobalSection
	GlobalSection(ExtensibilityGlobals) = postSolution
		SolutionGuid = {1D43524C-EC24-4424-A1D2-3BE5BB3DAACE}
	EndGlobalSection
EndGlobal
